
Microsoft Visual Studio Solution File, Format Version 12.00
# Visual Studio 2012
Project("{FAE04EC0-301F-11D3-BF4B-00C04F79EFBC}") = "New.Domain", "New.Domain\New.Domain.csproj", "{8347049A-239F-4CE1-ADA9-5ABE85150A7F}"
EndProject
Project("{FAE04EC0-301F-11D3-BF4B-00C04F79EFBC}") = "New.Web", "New.Web\New.Web.csproj", "{34CDEAE5-4724-416F-B4E5-6CB418AD4E6B}"
EndProject
Project("{FAE04EC0-301F-11D3-BF4B-00C04F79EFBC}") = "Net.Test", "Net.Test\Net.Test.csproj", "{602E86CD-702A-4178-91A4-9B318A6C9A24}"
EndProject
Project("{FAE04EC0-301F-11D3-BF4B-00C04F79EFBC}") = "Dop", "Dop\Dop.csproj", "{61C6675C-4DA4-416D-A311-CB8823579489}"
EndProject
Project("{FAE04EC0-301F-11D3-BF4B-00C04F79EFBC}") = "UnitTestWeb", "UnitTestWeb\UnitTestWeb.csproj", "{0CA88291-932E-49BF-B5A1-64F41B9501D5}"
EndProject
Global
	GlobalSection(SolutionConfigurationPlatforms) = preSolution
		Debug|Any CPU = Debug|Any CPU
		Release|Any CPU = Release|Any CPU
	EndGlobalSection
	GlobalSection(ProjectConfigurationPlatforms) = postSolution
		{8347049A-239F-4CE1-ADA9-5ABE85150A7F}.Debug|Any CPU.ActiveCfg = Debug|Any CPU
		{8347049A-239F-4CE1-ADA9-5ABE85150A7F}.Debug|Any CPU.Build.0 = Debug|Any CPU
		{8347049A-239F-4CE1-ADA9-5ABE85150A7F}.Release|Any CPU.ActiveCfg = Release|Any CPU
		{8347049A-239F-4CE1-ADA9-5ABE85150A7F}.Release|Any CPU.Build.0 = Release|Any CPU
		{34CDEAE5-4724-416F-B4E5-6CB418AD4E6B}.Debug|Any CPU.ActiveCfg = Debug|Any CPU
		{34CDEAE5-4724-416F-B4E5-6CB418AD4E6B}.Debug|Any CPU.Build.0 = Debug|Any CPU
		{34CDEAE5-4724-416F-B4E5-6CB418AD4E6B}.Release|Any CPU.ActiveCfg = Release|Any CPU
		{34CDEAE5-4724-416F-B4E5-6CB418AD4E6B}.Release|Any CPU.Build.0 = Release|Any CPU
		{602E86CD-702A-4178-91A4-9B318A6C9A24}.Debug|Any CPU.ActiveCfg = Debug|Any CPU
		{602E86CD-702A-4178-91A4-9B318A6C9A24}.Debug|Any CPU.Build.0 = Debug|Any CPU
		{602E86CD-702A-4178-91A4-9B318A6C9A24}.Release|Any CPU.ActiveCfg = Release|Any CPU
		{602E86CD-702A-4178-91A4-9B318A6C9A24}.Release|Any CPU.Build.0 = Release|Any CPU
		{61C6675C-4DA4-416D-A311-CB8823579489}.Debug|Any CPU.ActiveCfg = Debug|Any CPU
		{61C6675C-4DA4-416D-A311-CB8823579489}.Debug|Any CPU.Build.0 = Debug|Any CPU
		{61C6675C-4DA4-416D-A311-CB8823579489}.Release|Any CPU.ActiveCfg = Release|Any CPU
		{61C6675C-4DA4-416D-A311-CB8823579489}.Release|Any CPU.Build.0 = Release|Any CPU
		{0CA88291-932E-49BF-B5A1-64F41B9501D5}.Debug|Any CPU.ActiveCfg = Debug|Any CPU
		{0CA88291-932E-49BF-B5A1-64F41B9501D5}.Debug|Any CPU.Build.0 = Debug|Any CPU
		{0CA88291-932E-49BF-B5A1-64F41B9501D5}.Release|Any CPU.ActiveCfg = Release|Any CPU
		{0CA88291-932E-49BF-B5A1-64F41B9501D5}.Release|Any CPU.Build.0 = Release|Any CPU
	EndGlobalSection
	GlobalSection(SolutionProperties) = preSolution
		HideSolutionNode = FALSE
	EndGlobalSection
EndGlobal
